
Microsoft Visual Studio Solution File, Format Version 12.00
# Visual Studio Version 17
VisualStudioVersion = 17.14.37111.16 d17.14
MinimumVisualStudioVersion = 10.0.40219.1
Project("{FAE04EC0-301F-11D3-BF4B-00C04F79EFBC}") = "session_03_Assingment", "session_03_Assingment.csproj", "{4E152419-EB52-4561-B75B-FBF6B0E0F899}"
EndProject
Global
	GlobalSection(SolutionConfigurationPlatforms) = preSolution
		Debug|Any CPU = Debug|Any CPU
		Release|Any CPU = Release|Any CPU
	EndGlobalSection
	GlobalSection(ProjectConfigurationPlatforms) = postSolution
		{4E152419-EB52-4561-B75B-FBF6B0E0F899}.Debug|Any CPU.ActiveCfg = Debug|Any CPU
		{4E152419-EB52-4561-B75B-FBF6B0E0F899}.Debug|Any CPU.Build.0 = Debug|Any CPU
		{4E152419-EB52-4561-B75B-FBF6B0E0F899}.Release|Any CPU.ActiveCfg = Release|Any CPU
		{4E152419-EB52-4561-B75B-FBF6B0E0F899}.Release|Any CPU.Build.0 = Release|Any CPU
	EndGlobalSection
	GlobalSection(SolutionProperties) = preSolution
		HideSolutionNode = FALSE
	EndGlobalSection
	GlobalSection(ExtensibilityGlobals) = postSolution
		SolutionGuid = {BB476788-E055-4E71-BF99-A01CB276A9C7}
	EndGlobalSection
EndGlobal
